// !$*UTF8*$!
{
	archiveVersion = 1;
	classes = {
	};
	objectVersion = 50;
	objects = {

/* Begin PBXBuildFile section */
		544032AD24C469120046715A /* WidgetDemoApp.swift in Sources */ = {isa = PBXBuildFile; fileRef = 544032AC24C469120046715A /* WidgetDemoApp.swift */; };
		544032AF24C469120046715A /* ContentView.swift in Sources */ = {isa = PBXBuildFile; fileRef = 544032AE24C469120046715A /* ContentView.swift */; };
		544032B124C469140046715A /* Assets.xcassets in Resources */ = {isa = PBXBuildFile; fileRef = 544032B024C469140046715A /* Assets.xcassets */; };
		544032B424C469140046715A /* Preview Assets.xcassets in Resources */ = {isa = PBXBuildFile; fileRef = 544032B324C469140046715A /* Preview Assets.xcassets */; };
		544032BF24C469140046715A /* WidgetDemoTests.swift in Sources */ = {isa = PBXBuildFile; fileRef = 544032BE24C469140046715A /* WidgetDemoTests.swift */; };
		544032CA24C469140046715A /* WidgetDemoUITests.swift in Sources */ = {isa = PBXBuildFile; fileRef = 544032C924C469140046715A /* WidgetDemoUITests.swift */; };
		544032DE24C46A0E0046715A /* WidgetKit.framework in Frameworks */ = {isa = PBXBuildFile; fileRef = 544032DD24C46A0E0046715A /* WidgetKit.framework */; };
		544032E024C46A0E0046715A /* SwiftUI.framework in Frameworks */ = {isa = PBXBuildFile; fileRef = 544032DF24C46A0E0046715A /* SwiftUI.framework */; };
		544032E324C46A0E0046715A /* WIdget.swift in Sources */ = {isa = PBXBuildFile; fileRef = 544032E224C46A0E0046715A /* WIdget.swift */; };
		544032E624C46A100046715A /* Assets.xcassets in Resources */ = {isa = PBXBuildFile; fileRef = 544032E524C46A100046715A /* Assets.xcassets */; };
		544032E824C46A100046715A /* WIdget.intentdefinition in Sources */ = {isa = PBXBuildFile; fileRef = 544032E424C46A0E0046715A /* WIdget.intentdefinition */; };
		544032E924C46A100046715A /* WIdget.intentdefinition in Sources */ = {isa = PBXBuildFile; fileRef = 544032E424C46A0E0046715A /* WIdget.intentdefinition */; };
		544032EC24C46A100046715A /* WIdgetExtension.appex in Embed App Extensions */ = {isa = PBXBuildFile; fileRef = 544032DB24C46A0E0046715A /* WIdgetExtension.appex */; settings = {ATTRIBUTES = (RemoveHeadersOnCopy, ); }; };
		5D859B5F24CC642200DC4519 /* ezgif.com-video-to-gif.gif in Resources */ = {isa = PBXBuildFile; fileRef = 5D859B5E24CC642200DC4519 /* ezgif.com-video-to-gif.gif */; };
/* End PBXBuildFile section */

/* Begin PBXContainerItemProxy section */
		544032BB24C469140046715A /* PBXContainerItemProxy */ = {
			isa = PBXContainerItemProxy;
			containerPortal = 544032A124C469120046715A /* Project object */;
			proxyType = 1;
			remoteGlobalIDString = 544032A824C469120046715A;
			remoteInfo = WidgetDemo;
		};
		544032C624C469140046715A /* PBXContainerItemProxy */ = {
			isa = PBXContainerItemProxy;
			containerPortal = 544032A124C469120046715A /* Project object */;
			proxyType = 1;
			remoteGlobalIDString = 544032A824C469120046715A;
			remoteInfo = WidgetDemo;
		};
		544032EA24C46A100046715A /* PBXContainerItemProxy */ = {
			isa = PBXContainerItemProxy;
			containerPortal = 544032A124C469120046715A /* Project object */;
			proxyType = 1;
			remoteGlobalIDString = 544032DA24C46A0E0046715A;
			remoteInfo = WIdgetExtension;
		};
/* End PBXContainerItemProxy section */

/* Begin PBXCopyFilesBuildPhase section */
		544032F024C46A100046715A /* Embed App Extensions */ = {
			isa = PBXCopyFilesBuildPhase;
			buildActionMask = 2147483647;
			dstPath = "";
			dstSubfolderSpec = 13;
			files = (
				544032EC24C46A100046715A /* WIdgetExtension.appex in Embed App Extensions */,
			);
			name = "Embed App Extensions";
			runOnlyForDeploymentPostprocessing = 0;
		};
/* End PBXCopyFilesBuildPhase section */

/* Begin PBXFileReference section */
		544032A924C469120046715A /* WidgetDemo.app */ = {isa = PBXFileReference; explicitFileType = wrapper.application; includeInIndex = 0; path = WidgetDemo.app; sourceTree = BUILT_PRODUCTS_DIR; };
		544032AC24C469120046715A /* WidgetDemoApp.swift */ = {isa = PBXFileReference; lastKnownFileType = sourcecode.swift; path = WidgetDemoApp.swift; sourceTree = "<group>"; };
		544032AE24C469120046715A /* ContentView.swift */ = {isa = PBXFileReference; lastKnownFileType = sourcecode.swift; path = ContentView.swift; sourceTree = "<group>"; };
		544032B024C469140046715A /* Assets.xcassets */ = {isa = PBXFileReference; lastKnownFileType = folder.assetcatalog; path = Assets.xcassets; sourceTree = "<group>"; };
		544032B324C469140046715A /* Preview Assets.xcassets */ = {isa = PBXFileReference; lastKnownFileType = folder.assetcatalog; path = "Preview Assets.xcassets"; sourceTree = "<group>"; };
		544032B524C469140046715A /* Info.plist */ = {isa = PBXFileReference; lastKnownFileType = text.plist.xml; path = Info.plist; sourceTree = "<group>"; };
		544032BA24C469140046715A /* WidgetDemoTests.xctest */ = {isa = PBXFileReference; explicitFileType = wrapper.cfbundle; includeInIndex = 0; path = WidgetDemoTests.xctest; sourceTree = BUILT_PRODUCTS_DIR; };
		544032BE24C469140046715A /* WidgetDemoTests.swift */ = {isa = PBXFileReference; lastKnownFileType = sourcecode.swift; path = WidgetDemoTests.swift; sourceTree = "<group>"; };
		544032C024C469140046715A /* Info.plist */ = {isa = PBXFileReference; lastKnownFileType = text.plist.xml; path = Info.plist; sourceTree = "<group>"; };
		544032C524C469140046715A /* WidgetDemoUITests.xctest */ = {isa = PBXFileReference; explicitFileType = wrapper.cfbundle; includeInIndex = 0; path = WidgetDemoUITests.xctest; sourceTree = BUILT_PRODUCTS_DIR; };
		544032C924C469140046715A /* WidgetDemoUITests.swift */ = {isa = PBXFileReference; lastKnownFileType = sourcecode.swift; path = WidgetDemoUITests.swift; sourceTree = "<group>"; };
		544032CB24C469140046715A /* Info.plist */ = {isa = PBXFileReference; lastKnownFileType = text.plist.xml; path = Info.plist; sourceTree = "<group>"; };
		544032DB24C46A0E0046715A /* WIdgetExtension.appex */ = {isa = PBXFileReference; explicitFileType = "wrapper.app-extension"; includeInIndex = 0; path = WIdgetExtension.appex; sourceTree = BUILT_PRODUCTS_DIR; };
		544032DD24C46A0E0046715A /* WidgetKit.framework */ = {isa = PBXFileReference; lastKnownFileType = wrapper.framework; name = WidgetKit.framework; path = System/Library/Frameworks/WidgetKit.framework; sourceTree = SDKROOT; };
		544032DF24C46A0E0046715A /* SwiftUI.framework */ = {isa = PBXFileReference; lastKnownFileType = wrapper.framework; name = SwiftUI.framework; path = System/Library/Frameworks/SwiftUI.framework; sourceTree = SDKROOT; };
		544032E224C46A0E0046715A /* WIdget.swift */ = {isa = PBXFileReference; lastKnownFileType = sourcecode.swift; path = WIdget.swift; sourceTree = "<group>"; };
		544032E424C46A0E0046715A /* WIdget.intentdefinition */ = {isa = PBXFileReference; lastKnownFileType = file.intentdefinition; path = WIdget.intentdefinition; sourceTree = "<group>"; };
		544032E524C46A100046715A /* Assets.xcassets */ = {isa = PBXFileReference; lastKnownFileType = folder.assetcatalog; path = Assets.xcassets; sourceTree = "<group>"; };
		544032E724C46A100046715A /* Info.plist */ = {isa = PBXFileReference; lastKnownFileType = text.plist.xml; path = Info.plist; sourceTree = "<group>"; };
		5D859B5E24CC642200DC4519 /* ezgif.com-video-to-gif.gif */ = {isa = PBXFileReference; lastKnownFileType = image.gif; path = "ezgif.com-video-to-gif.gif"; sourceTree = "<group>"; };
/* End PBXFileReference section */

/* Begin PBXFrameworksBuildPhase section */
		544032A624C469120046715A /* Frameworks */ = {
			isa = PBXFrameworksBuildPhase;
			buildActionMask = 2147483647;
			files = (
			);
			runOnlyForDeploymentPostprocessing = 0;
		};
		544032B724C469140046715A /* Frameworks */ = {
			isa = PBXFrameworksBuildPhase;
			buildActionMask = 2147483647;
			files = (
			);
			runOnlyForDeploymentPostprocessing = 0;
		};
		544032C224C469140046715A /* Frameworks */ = {
			isa = PBXFrameworksBuildPhase;
			buildActionMask = 2147483647;
			files = (
			);
			runOnlyForDeploymentPostprocessing = 0;
		};
		544032D824C46A0E0046715A /* Frameworks */ = {
			isa = PBXFrameworksBuildPhase;
			buildActionMask = 2147483647;
			files = (
				544032E024C46A0E0046715A /* SwiftUI.framework in Frameworks */,
				544032DE24C46A0E0046715A /* WidgetKit.framework in Frameworks */,
			);
			runOnlyForDeploymentPostprocessing = 0;
		};
/* End PBXFrameworksBuildPhase section */

/* Begin PBXGroup section */
		544032A024C469120046715A = {
			isa = PBXGroup;
			children = (
				5D859B5E24CC642200DC4519 /* ezgif.com-video-to-gif.gif */,
				544032AB24C469120046715A /* WidgetDemo */,
				544032BD24C469140046715A /* WidgetDemoTests */,
				544032C824C469140046715A /* WidgetDemoUITests */,
				544032E124C46A0E0046715A /* WIdget */,
				544032DC24C46A0E0046715A /* Frameworks */,
				544032AA24C469120046715A /* Products */,
			);
			sourceTree = "<group>";
		};
		544032AA24C469120046715A /* Products */ = {
			isa = PBXGroup;
			children = (
				544032A924C469120046715A /* WidgetDemo.app */,
				544032BA24C469140046715A /* WidgetDemoTests.xctest */,
				544032C524C469140046715A /* WidgetDemoUITests.xctest */,
				544032DB24C46A0E0046715A /* WIdgetExtension.appex */,
			);
			name = Products;
			sourceTree = "<group>";
		};
		544032AB24C469120046715A /* WidgetDemo */ = {
			isa = PBXGroup;
			children = (
				544032AC24C469120046715A /* WidgetDemoApp.swift */,
				544032AE24C469120046715A /* ContentView.swift */,
				544032B024C469140046715A /* Assets.xcassets */,
				544032B524C469140046715A /* Info.plist */,
				544032B224C469140046715A /* Preview Content */,
			);
			path = WidgetDemo;
			sourceTree = "<group>";
		};
		544032B224C469140046715A /* Preview Content */ = {
			isa = PBXGroup;
			children = (
				544032B324C469140046715A /* Preview Assets.xcassets */,
			);
			path = "Preview Content";
			sourceTree = "<group>";
		};
		544032BD24C469140046715A /* WidgetDemoTests */ = {
			isa = PBXGroup;
			children = (
				544032BE24C469140046715A /* WidgetDemoTests.swift */,
				544032C024C469140046715A /* Info.plist */,
			);
			path = WidgetDemoTests;
			sourceTree = "<group>";
		};
		544032C824C469140046715A /* WidgetDemoUITests */ = {
			isa = PBXGroup;
			children = (
				544032C924C469140046715A /* WidgetDemoUITests.swift */,
				544032CB24C469140046715A /* Info.plist */,
			);
			path = WidgetDemoUITests;
			sourceTree = "<group>";
		};
		544032DC24C46A0E0046715A /* Frameworks */ = {
			isa = PBXGroup;
			children = (
				544032DD24C46A0E0046715A /* WidgetKit.framework */,
				544032DF24C46A0E0046715A /* SwiftUI.framework */,
			);
			name = Frameworks;
			sourceTree = "<group>";
		};
		544032E124C46A0E0046715A /* WIdget */ = {
			isa = PBXGroup;
			children = (
				544032E224C46A0E0046715A /* WIdget.swift */,
				544032E424C46A0E0046715A /* WIdget.intentdefinition */,
				544032E524C46A100046715A /* Assets.xcassets */,
				544032E724C46A100046715A /* Info.plist */,
			);
			path = WIdget;
			sourceTree = "<group>";
		};
/* End PBXGroup section */

/* Begin PBXNativeTarget section */
		544032A824C469120046715A /* WidgetDemo */ = {
			isa = PBXNativeTarget;
			buildConfigurationList = 544032CE24C469140046715A /* Build configuration list for PBXNativeTarget "WidgetDemo" */;
			buildPhases = (
				544032A524C469120046715A /* Sources */,
				544032A624C469120046715A /* Frameworks */,
				544032A724C469120046715A /* Resources */,
				544032F024C46A100046715A /* Embed App Extensions */,
			);
			buildRules = (
			);
			dependencies = (
				544032EB24C46A100046715A /* PBXTargetDependency */,
			);
			name = WidgetDemo;
			productName = WidgetDemo;
			productReference = 544032A924C469120046715A /* WidgetDemo.app */;
			productType = "com.apple.product-type.application";
		};
		544032B924C469140046715A /* WidgetDemoTests */ = {
			isa = PBXNativeTarget;
			buildConfigurationList = 544032D124C469140046715A /* Build configuration list for PBXNativeTarget "WidgetDemoTests" */;
			buildPhases = (
				544032B624C469140046715A /* Sources */,
				544032B724C469140046715A /* Frameworks */,
				544032B824C469140046715A /* Resources */,
			);
			buildRules = (
			);
			dependencies = (
				544032BC24C469140046715A /* PBXTargetDependency */,
			);
			name = WidgetDemoTests;
			productName = WidgetDemoTests;
			productReference = 544032BA24C469140046715A /* WidgetDemoTests.xctest */;
			productType = "com.apple.product-type.bundle.unit-test";
		};
		544032C424C469140046715A /* WidgetDemoUITests */ = {
			isa = PBXNativeTarget;
			buildConfigurationList = 544032D424C469140046715A /* Build configuration list for PBXNativeTarget "WidgetDemoUITests" */;
			buildPhases = (
				544032C124C469140046715A /* Sources */,
				544032C224C469140046715A /* Frameworks */,
				544032C324C469140046715A /* Resources */,
			);
			buildRules = (
			);
			dependencies = (
				544032C724C469140046715A /* PBXTargetDependency */,
			);
			name = WidgetDemoUITests;
			productName = WidgetDemoUITests;
			productReference = 544032C524C469140046715A /* WidgetDemoUITests.xctest */;
			productType = "com.apple.product-type.bundle.ui-testing";
		};
		544032DA24C46A0E0046715A /* WIdgetExtension */ = {
			isa = PBXNativeTarget;
			buildConfigurationList = 544032ED24C46A100046715A /* Build configuration list for PBXNativeTarget "WIdgetExtension" */;
			buildPhases = (
				544032D724C46A0E0046715A /* Sources */,
				544032D824C46A0E0046715A /* Frameworks */,
				544032D924C46A0E0046715A /* Resources */,
			);
			buildRules = (
			);
			dependencies = (
			);
			name = WIdgetExtension;
			productName = WIdgetExtension;
			productReference = 544032DB24C46A0E0046715A /* WIdgetExtension.appex */;
			productType = "com.apple.product-type.app-extension";
		};
/* End PBXNativeTarget section */

/* Begin PBXProject section */
		544032A124C469120046715A /* Project object */ = {
			isa = PBXProject;
			attributes = {
				LastSwiftUpdateCheck = 1200;
				LastUpgradeCheck = 1200;
				TargetAttributes = {
					544032A824C469120046715A = {
						CreatedOnToolsVersion = 12.0;
					};
					544032B924C469140046715A = {
						CreatedOnToolsVersion = 12.0;
						TestTargetID = 544032A824C469120046715A;
					};
					544032C424C469140046715A = {
						CreatedOnToolsVersion = 12.0;
						TestTargetID = 544032A824C469120046715A;
					};
					544032DA24C46A0E0046715A = {
						CreatedOnToolsVersion = 12.0;
					};
				};
			};
			buildConfigurationList = 544032A424C469120046715A /* Build configuration list for PBXProject "WidgetDemo" */;
			compatibilityVersion = "Xcode 9.3";
			developmentRegion = en;
			hasScannedForEncodings = 0;
			knownRegions = (
				en,
				Base,
			);
			mainGroup = 544032A024C469120046715A;
			productRefGroup = 544032AA24C469120046715A /* Products */;
			projectDirPath = "";
			projectRoot = "";
			targets = (
				544032A824C469120046715A /* WidgetDemo */,
				544032B924C469140046715A /* WidgetDemoTests */,
				544032C424C469140046715A /* WidgetDemoUITests */,
				544032DA24C46A0E0046715A /* WIdgetExtension */,
			);
		};
/* End PBXProject section */

/* Begin PBXResourcesBuildPhase section */
		544032A724C469120046715A /* Resources */ = {
			isa = PBXResourcesBuildPhase;
			buildActionMask = 2147483647;
			files = (
				544032B424C469140046715A /* Preview Assets.xcassets in Resources */,
				5D859B5F24CC642200DC4519 /* ezgif.com-video-to-gif.gif in Resources */,
				544032B124C469140046715A /* Assets.xcassets in Resources */,
			);
			runOnlyForDeploymentPostprocessing = 0;
		};
		544032B824C469140046715A /* Resources */ = {
			isa = PBXResourcesBuildPhase;
			buildActionMask = 2147483647;
			files = (
			);
			runOnlyForDeploymentPostprocessing = 0;
		};
		544032C324C469140046715A /* Resources */ = {
			isa = PBXResourcesBuildPhase;
			buildActionMask = 2147483647;
			files = (
			);
			runOnlyForDeploymentPostprocessing = 0;
		};
		544032D924C46A0E0046715A /* Resources */ = {
			isa = PBXResourcesBuildPhase;
			buildActionMask = 2147483647;
			files = (
				544032E624C46A100046715A /* Assets.xcassets in Resources */,
			);
			runOnlyForDeploymentPostprocessing = 0;
		};
/* End PBXResourcesBuildPhase section */

/* Begin PBXSourcesBuildPhase section */
		544032A524C469120046715A /* Sources */ = {
			isa = PBXSourcesBuildPhase;
			buildActionMask = 2147483647;
			files = (
				544032E924C46A100046715A /* WIdget.intentdefinition in Sources */,
				544032AF24C469120046715A /* ContentView.swift in Sources */,
				544032AD24C469120046715A /* WidgetDemoApp.swift in Sources */,
			);
			runOnlyForDeploymentPostprocessing = 0;
		};
		544032B624C469140046715A /* Sources */ = {
			isa = PBXSourcesBuildPhase;
			buildActionMask = 2147483647;
			files = (
				544032BF24C469140046715A /* WidgetDemoTests.swift in Sources */,
			);
			runOnlyForDeploymentPostprocessing = 0;
		};
		544032C124C469140046715A /* Sources */ = {
			isa = PBXSourcesBuildPhase;
			buildActionMask = 2147483647;
			files = (
				544032CA24C469140046715A /* WidgetDemoUITests.swift in Sources */,
			);
			runOnlyForDeploymentPostprocessing = 0;
		};
		544032D724C46A0E0046715A /* Sources */ = {
			isa = PBXSourcesBuildPhase;
			buildActionMask = 2147483647;
			files = (
				544032E824C46A100046715A /* WIdget.intentdefinition in Sources */,
				544032E324C46A0E0046715A /* WIdget.swift in Sources */,
			);
			runOnlyForDeploymentPostprocessing = 0;
		};
/* End PBXSourcesBuildPhase section */

/* Begin PBXTargetDependency section */
		544032BC24C469140046715A /* PBXTargetDependency */ = {
			isa = PBXTargetDependency;
			target = 544032A824C469120046715A /* WidgetDemo */;
			targetProxy = 544032BB24C469140046715A /* PBXContainerItemProxy */;
		};
		544032C724C469140046715A /* PBXTargetDependency */ = {
			isa = PBXTargetDependency;
			target = 544032A824C469120046715A /* WidgetDemo */;
			targetProxy = 544032C624C469140046715A /* PBXContainerItemProxy */;
		};
		544032EB24C46A100046715A /* PBXTargetDependency */ = {
			isa = PBXTargetDependency;
			target = 544032DA24C46A0E0046715A /* WIdgetExtension */;
			targetProxy = 544032EA24C46A100046715A /* PBXContainerItemProxy */;
		};
/* End PBXTargetDependency section */

/* Begin XCBuildConfiguration section */
		544032CC24C469140046715A /* Debug */ = {
			isa = XCBuildConfiguration;
			buildSettings = {
				ALWAYS_SEARCH_USER_PATHS = NO;
				CLANG_ANALYZER_NONNULL = YES;
				CLANG_ANALYZER_NUMBER_OBJECT_CONVERSION = YES_AGGRESSIVE;
				CLANG_CXX_LANGUAGE_STANDARD = "gnu++14";
				CLANG_CXX_LIBRARY = "libc++";
				CLANG_ENABLE_MODULES = YES;
				CLANG_ENABLE_OBJC_ARC = YES;
				CLANG_ENABLE_OBJC_WEAK = YES;
				CLANG_WARN_BLOCK_CAPTURE_AUTORELEASING = YES;
				CLANG_WARN_BOOL_CONVERSION = YES;
				CLANG_WARN_COMMA = YES;
				CLANG_WARN_CONSTANT_CONVERSION = YES;
				CLANG_WARN_DEPRECATED_OBJC_IMPLEMENTATIONS = YES;
				CLANG_WARN_DIRECT_OBJC_ISA_USAGE = YES_ERROR;
				CLANG_WARN_DOCUMENTATION_COMMENTS = YES;
				CLANG_WARN_EMPTY_BODY = YES;
				CLANG_WARN_ENUM_CONVERSION = YES;
				CLANG_WARN_INFINITE_RECURSION = YES;
				CLANG_WARN_INT_CONVERSION = YES;
				CLANG_WARN_NON_LITERAL_NULL_CONVERSION = YES;
				CLANG_WARN_OBJC_IMPLICIT_RETAIN_SELF = YES;
				CLANG_WARN_OBJC_LITERAL_CONVERSION = YES;
				CLANG_WARN_OBJC_ROOT_CLASS = YES_ERROR;
				CLANG_WARN_QUOTED_INCLUDE_IN_FRAMEWORK_HEADER = YES;
				CLANG_WARN_RANGE_LOOP_ANALYSIS = YES;
				CLANG_WARN_STRICT_PROTOTYPES = YES;
				CLANG_WARN_SUSPICIOUS_MOVE = YES;
				CLANG_WARN_UNGUARDED_AVAILABILITY = YES_AGGRESSIVE;
				CLANG_WARN_UNREACHABLE_CODE = YES;
				CLANG_WARN__DUPLICATE_METHOD_MATCH = YES;
				COPY_PHASE_STRIP = NO;
				DEBUG_INFORMATION_FORMAT = dwarf;
				ENABLE_STRICT_OBJC_MSGSEND = YES;
				ENABLE_TESTABILITY = YES;
				GCC_C_LANGUAGE_STANDARD = gnu11;
				GCC_DYNAMIC_NO_PIC = NO;
				GCC_NO_COMMON_BLOCKS = YES;
				GCC_OPTIMIZATION_LEVEL = 0;
				GCC_PREPROCESSOR_DEFINITIONS = (
					"DEBUG=1",
					"$(inherited)",
				);
				GCC_WARN_64_TO_32_BIT_CONVERSION = YES;
				GCC_WARN_ABOUT_RETURN_TYPE = YES_ERROR;
				GCC_WARN_UNDECLARED_SELECTOR = YES;
				GCC_WARN_UNINITIALIZED_AUTOS = YES_AGGRESSIVE;
				GCC_WARN_UNUSED_FUNCTION = YES;
				GCC_WARN_UNUSED_VARIABLE = YES;
				IPHONEOS_DEPLOYMENT_TARGET = 14.0;
				MTL_ENABLE_DEBUG_INFO = INCLUDE_SOURCE;
				MTL_FAST_MATH = YES;
				ONLY_ACTIVE_ARCH = YES;
				SDKROOT = iphoneos;
				SWIFT_ACTIVE_COMPILATION_CONDITIONS = DEBUG;
				SWIFT_OPTIMIZATION_LEVEL = "-Onone";
			};
			name = Debug;
		};
		544032CD24C469140046715A /* Release */ = {
			isa = XCBuildConfiguration;
			buildSettings = {
				ALWAYS_SEARCH_USER_PATHS = NO;
				CLANG_ANALYZER_NONNULL = YES;
				CLANG_ANALYZER_NUMBER_OBJECT_CONVERSION = YES_AGGRESSIVE;
				CLANG_CXX_LANGUAGE_STANDARD = "gnu++14";
				CLANG_CXX_LIBRARY = "libc++";
				CLANG_ENABLE_MODULES = YES;
				CLANG_ENABLE_OBJC_ARC = YES;
				CLANG_ENABLE_OBJC_WEAK = YES;
				CLANG_WARN_BLOCK_CAPTURE_AUTORELEASING = YES;
				CLANG_WARN_BOOL_CONVERSION = YES;
				CLANG_WARN_COMMA = YES;
				CLANG_WARN_CONSTANT_CONVERSION = YES;
				CLANG_WARN_DEPRECATED_OBJC_IMPLEMENTATIONS = YES;
				CLANG_WARN_DIRECT_OBJC_ISA_USAGE = YES_ERROR;
				CLANG_WARN_DOCUMENTATION_COMMENTS = YES;
				CLANG_WARN_EMPTY_BODY = YES;
				CLANG_WARN_ENUM_CONVERSION = YES;
				CLANG_WARN_INFINITE_RECURSION = YES;
				CLANG_WARN_INT_CONVERSION = YES;
				CLANG_WARN_NON_LITERAL_NULL_CONVERSION = YES;
				CLANG_WARN_OBJC_IMPLICIT_RETAIN_SELF = YES;
				CLANG_WARN_OBJC_LITERAL_CONVERSION = YES;
				CLANG_WARN_OBJC_ROOT_CLASS = YES_ERROR;
				CLANG_WARN_QUOTED_INCLUDE_IN_FRAMEWORK_HEADER = YES;
				CLANG_WARN_RANGE_LOOP_ANALYSIS = YES;
				CLANG_WARN_STRICT_PROTOTYPES = YES;
				CLANG_WARN_SUSPICIOUS_MOVE = YES;
				CLANG_WARN_UNGUARDED_AVAILABILITY = YES_AGGRESSIVE;
				CLANG_WARN_UNREACHABLE_CODE = YES;
				CLANG_WARN__DUPLICATE_METHOD_MATCH = YES;
				COPY_PHASE_STRIP = NO;
				DEBUG_INFORMATION_FORMAT = "dwarf-with-dsym";
				ENABLE_NS_ASSERTIONS = NO;
				ENABLE_STRICT_OBJC_MSGSEND = YES;
				GCC_C_LANGUAGE_STANDARD = gnu11;
				GCC_NO_COMMON_BLOCKS = YES;
				GCC_WARN_64_TO_32_BIT_CONVERSION = YES;
				GCC_WARN_ABOUT_RETURN_TYPE = YES_ERROR;
				GCC_WARN_UNDECLARED_SELECTOR = YES;
				GCC_WARN_UNINITIALIZED_AUTOS = YES_AGGRESSIVE;
				GCC_WARN_UNUSED_FUNCTION = YES;
				GCC_WARN_UNUSED_VARIABLE = YES;
				IPHONEOS_DEPLOYMENT_TARGET = 14.0;
				MTL_ENABLE_DEBUG_INFO = NO;
				MTL_FAST_MATH = YES;
				SDKROOT = iphoneos;
				SWIFT_COMPILATION_MODE = wholemodule;
				SWIFT_OPTIMIZATION_LEVEL = "-O";
				VALIDATE_PRODUCT = YES;
			};
			name = Release;
		};
		544032CF24C469140046715A /* Debug */ = {
			isa = XCBuildConfiguration;
			buildSettings = {
				ALWAYS_EMBED_SWIFT_STANDARD_LIBRARIES = YES;
				ASSETCATALOG_COMPILER_APPICON_NAME = AppIcon;
				ASSETCATALOG_COMPILER_GLOBAL_ACCENT_COLOR_NAME = AccentColor;
				CODE_SIGN_STYLE = Automatic;
				DEVELOPMENT_ASSET_PATHS = "\"WidgetDemo/Preview Content\"";
				ENABLE_PREVIEWS = YES;
				INFOPLIST_FILE = WidgetDemo/Info.plist;
				IPHONEOS_DEPLOYMENT_TARGET = 14.0;
				LD_RUNPATH_SEARCH_PATHS = (
					"$(inherited)",
					"@executable_path/Frameworks",
				);
				PRODUCT_BUNDLE_IDENTIFIER = com.sabrewinginfotech.WidgetDemo;
				PRODUCT_NAME = "$(TARGET_NAME)";
				SWIFT_VERSION = 5.0;
				TARGETED_DEVICE_FAMILY = "1,2";
			};
			name = Debug;
		};
		544032D024C469140046715A /* Release */ = {
			isa = XCBuildConfiguration;
			buildSettings = {
				ALWAYS_EMBED_SWIFT_STANDARD_LIBRARIES = YES;
				ASSETCATALOG_COMPILER_APPICON_NAME = AppIcon;
				ASSETCATALOG_COMPILER_GLOBAL_ACCENT_COLOR_NAME = AccentColor;
				CODE_SIGN_STYLE = Automatic;
				DEVELOPMENT_ASSET_PATHS = "\"WidgetDemo/Preview Content\"";
				ENABLE_PREVIEWS = YES;
				INFOPLIST_FILE = WidgetDemo/Info.plist;
				IPHONEOS_DEPLOYMENT_TARGET = 14.0;
				LD_RUNPATH_SEARCH_PATHS = (
					"$(inherited)",
					"@executable_path/Frameworks",
				);
				PRODUCT_BUNDLE_IDENTIFIER = com.sabrewinginfotech.WidgetDemo;
				PRODUCT_NAME = "$(TARGET_NAME)";
				SWIFT_VERSION = 5.0;
				TARGETED_DEVICE_FAMILY = "1,2";
			};
			name = Release;
		};
		544032D224C469140046715A /* Debug */ = {
			isa = XCBuildConfiguration;
			buildSettings = {
				ALWAYS_EMBED_SWIFT_STANDARD_LIBRARIES = YES;
				BUNDLE_LOADER = "$(TEST_HOST)";
				CODE_SIGN_STYLE = Automatic;
				INFOPLIST_FILE = WidgetDemoTests/Info.plist;
				IPHONEOS_DEPLOYMENT_TARGET = 14.0;
				LD_RUNPATH_SEARCH_PATHS = (
					"$(inherited)",
					"@executable_path/Frameworks",
					"@loader_path/Frameworks",
				);
				PRODUCT_BUNDLE_IDENTIFIER = com.sabrewinginfotech.WidgetDemoTests;
				PRODUCT_NAME = "$(TARGET_NAME)";
				SWIFT_VERSION = 5.0;
				TARGETED_DEVICE_FAMILY = "1,2";
				TEST_HOST = "$(BUILT_PRODUCTS_DIR)/WidgetDemo.app/WidgetDemo";
			};
			name = Debug;
		};
		544032D324C469140046715A /* Release */ = {
			isa = XCBuildConfiguration;
			buildSettings = {
				ALWAYS_EMBED_SWIFT_STANDARD_LIBRARIES = YES;
				BUNDLE_LOADER = "$(TEST_HOST)";
				CODE_SIGN_STYLE = Automatic;
				INFOPLIST_FILE = WidgetDemoTests/Info.plist;
				IPHONEOS_DEPLOYMENT_TARGET = 14.0;
				LD_RUNPATH_SEARCH_PATHS = (
					"$(inherited)",
					"@executable_path/Frameworks",
					"@loader_path/Frameworks",
				);
				PRODUCT_BUNDLE_IDENTIFIER = com.sabrewinginfotech.WidgetDemoTests;
				PRODUCT_NAME = "$(TARGET_NAME)";
				SWIFT_VERSION = 5.0;
				TARGETED_DEVICE_FAMILY = "1,2";
				TEST_HOST = "$(BUILT_PRODUCTS_DIR)/WidgetDemo.app/WidgetDemo";
			};
			name = Release;
		};
		544032D524C469140046715A /* Debug */ = {
			isa = XCBuildConfiguration;
			buildSettings = {
				ALWAYS_EMBED_SWIFT_STANDARD_LIBRARIES = YES;
				CODE_SIGN_STYLE = Automatic;
				INFOPLIST_FILE = WidgetDemoUITests/Info.plist;
				LD_RUNPATH_SEARCH_PATHS = (
					"$(inherited)",
					"@executable_path/Frameworks",
					"@loader_path/Frameworks",
				);
				PRODUCT_BUNDLE_IDENTIFIER = com.sabrewinginfotech.WidgetDemoUITests;
				PRODUCT_NAME = "$(TARGET_NAME)";
				SWIFT_VERSION = 5.0;
				TARGETED_DEVICE_FAMILY = "1,2";
				TEST_TARGET_NAME = WidgetDemo;
			};
			name = Debug;
		};
		544032D624C469140046715A /* Release */ = {
			isa = XCBuildConfiguration;
			buildSettings = {
				ALWAYS_EMBED_SWIFT_STANDARD_LIBRARIES = YES;
				CODE_SIGN_STYLE = Automatic;
				INFOPLIST_FILE = WidgetDemoUITests/Info.plist;
				LD_RUNPATH_SEARCH_PATHS = (
					"$(inherited)",
					"@executable_path/Frameworks",
					"@loader_path/Frameworks",
				);
				PRODUCT_BUNDLE_IDENTIFIER = com.sabrewinginfotech.WidgetDemoUITests;
				PRODUCT_NAME = "$(TARGET_NAME)";
				SWIFT_VERSION = 5.0;
				TARGETED_DEVICE_FAMILY = "1,2";
				TEST_TARGET_NAME = WidgetDemo;
			};
			name = Release;
		};
		544032EE24C46A100046715A /* Debug */ = {
			isa = XCBuildConfiguration;
			buildSettings = {
				ASSETCATALOG_COMPILER_GLOBAL_ACCENT_COLOR_NAME = AccentColor;
				ASSETCATALOG_COMPILER_WIDGET_BACKGROUND_COLOR_NAME = WidgetBackground;
				CODE_SIGN_STYLE = Automatic;
				INFOPLIST_FILE = WIdget/Info.plist;
				LD_RUNPATH_SEARCH_PATHS = (
					"$(inherited)",
					"@executable_path/Frameworks",
					"@executable_path/../../Frameworks",
				);
				PRODUCT_BUNDLE_IDENTIFIER = com.sabrewinginfotech.WidgetDemo.WIdget;
				PRODUCT_NAME = "$(TARGET_NAME)";
				SKIP_INSTALL = YES;
				SWIFT_VERSION = 5.0;
				TARGETED_DEVICE_FAMILY = "1,2";
			};
			name = Debug;
		};
		544032EF24C46A100046715A /* Release */ = {
			isa = XCBuildConfiguration;
			buildSettings = {
				ASSETCATALOG_COMPILER_GLOBAL_ACCENT_COLOR_NAME = AccentColor;
				ASSETCATALOG_COMPILER_WIDGET_BACKGROUND_COLOR_NAME = WidgetBackground;
				CODE_SIGN_STYLE = Automatic;
				INFOPLIST_FILE = WIdget/Info.plist;
				LD_RUNPATH_SEARCH_PATHS = (
					"$(inherited)",
					"@executable_path/Frameworks",
					"@executable_path/../../Frameworks",
				);
				PRODUCT_BUNDLE_IDENTIFIER = com.sabrewinginfotech.WidgetDemo.WIdget;
				PRODUCT_NAME = "$(TARGET_NAME)";
				SKIP_INSTALL = YES;
				SWIFT_VERSION = 5.0;
				TARGETED_DEVICE_FAMILY = "1,2";
			};
			name = Release;
		};
/* End XCBuildConfiguration section */

/* Begin XCConfigurationList section */
		544032A424C469120046715A /* Build configuration list for PBXProject "WidgetDemo" */ = {
			isa = XCConfigurationList;
			buildConfigurations = (
				544032CC24C469140046715A /* Debug */,
				544032CD24C469140046715A /* Release */,
			);
			defaultConfigurationIsVisible = 0;
			defaultConfigurationName = Release;
		};
		544032CE24C469140046715A /* Build configuration list for PBXNativeTarget "WidgetDemo" */ = {
			isa = XCConfigurationList;
			buildConfigurations = (
				544032CF24C469140046715A /* Debug */,
				544032D024C469140046715A /* Release */,
			);
			defaultConfigurationIsVisible = 0;
			defaultConfigurationName = Release;
		};
		544032D124C469140046715A /* Build configuration list for PBXNativeTarget "WidgetDemoTests" */ = {
			isa = XCConfigurationList;
			buildConfigurations = (
				544032D224C469140046715A /* Debug */,
				544032D324C469140046715A /* Release */,
			);
			defaultConfigurationIsVisible = 0;
			defaultConfigurationName = Release;
		};
		544032D424C469140046715A /* Build configuration list for PBXNativeTarget "WidgetDemoUITests" */ = {
			isa = XCConfigurationList;
			buildConfigurations = (
				544032D524C469140046715A /* Debug */,
				544032D624C469140046715A /* Release */,
			);
			defaultConfigurationIsVisible = 0;
			defaultConfigurationName = Release;
		};
		544032ED24C46A100046715A /* Build configuration list for PBXNativeTarget "WIdgetExtension" */ = {
			isa = XCConfigurationList;
			buildConfigurations = (
				544032EE24C46A100046715A /* Debug */,
				544032EF24C46A100046715A /* Release */,
			);
			defaultConfigurationIsVisible = 0;
			defaultConfigurationName = Release;
		};
/* End XCConfigurationList section */
	};
	rootObject = 544032A124C469120046715A /* Project object */;
}
